
Microsoft Visual Studio Solution File, Format Version 12.00
# Visual Studio Version 16
VisualStudioVersion = 16.0.31410.357
MinimumVisualStudioVersion = 10.0.40219.1
Project("{FAE04EC0-301F-11D3-BF4B-00C04F79EFBC}") = "SistemaHotel", "SistemaHotel\SistemaHotel.csproj", "{CAE4A14C-3418-4AB2-8114-5DDF4F9AB938}"
EndProject
Global
	GlobalSection(SolutionConfigurationPlatforms) = preSolution
		Debug|Any CPU = Debug|Any CPU
		Release|Any CPU = Release|Any CPU
	EndGlobalSection
	GlobalSection(ProjectConfigurationPlatforms) = postSolution
		{CAE4A14C-3418-4AB2-8114-5DDF4F9AB938}.Debug|Any CPU.ActiveCfg = Debug|Any CPU
		{CAE4A14C-3418-4AB2-8114-5DDF4F9AB938}.Debug|Any CPU.Build.0 = Debug|Any CPU
		{CAE4A14C-3418-4AB2-8114-5DDF4F9AB938}.Release|Any CPU.ActiveCfg = Release|Any CPU
		{CAE4A14C-3418-4AB2-8114-5DDF4F9AB938}.Release|Any CPU.Build.0 = Release|Any CPU
	EndGlobalSection
	GlobalSection(SolutionProperties) = preSolution
		HideSolutionNode = FALSE
	EndGlobalSection
	GlobalSection(ExtensibilityGlobals) = postSolution
		SolutionGuid = {DB14521E-3EE7-4B0E-9CEE-66A10053C230}
	EndGlobalSection
EndGlobal
